// !$*UTF8*$!
{
	archiveVersion = 1;
	classes = {
	};
	objectVersion = 48;
	objects = {

/* Begin PBXBuildFile section */
		27165BA91FDF205B00B64177 /* SWRevealViewController.m in Sources */ = {isa = PBXBuildFile; fileRef = 27165BA81FDF205B00B64177 /* SWRevealViewController.m */; };
		27165BAE1FDF240600B64177 /* ChatViewController.swift in Sources */ = {isa = PBXBuildFile; fileRef = 27165BAD1FDF240600B64177 /* ChatViewController.swift */; };
		27165BB01FDF241000B64177 /* ChannelViewController.swift in Sources */ = {isa = PBXBuildFile; fileRef = 27165BAF1FDF241000B64177 /* ChannelViewController.swift */; };
		2763CF741FDF093000CF271F /* AppDelegate.swift in Sources */ = {isa = PBXBuildFile; fileRef = 2763CF731FDF093000CF271F /* AppDelegate.swift */; };
		2763CF791FDF093000CF271F /* Main.storyboard in Resources */ = {isa = PBXBuildFile; fileRef = 2763CF771FDF093000CF271F /* Main.storyboard */; };
		2763CF7B1FDF093000CF271F /* Assets.xcassets in Resources */ = {isa = PBXBuildFile; fileRef = 2763CF7A1FDF093000CF271F /* Assets.xcassets */; };
		2763CF7E1FDF093000CF271F /* LaunchScreen.storyboard in Resources */ = {isa = PBXBuildFile; fileRef = 2763CF7C1FDF093000CF271F /* LaunchScreen.storyboard */; };
		2763CF891FDF093000CF271F /* SmackTests.swift in Sources */ = {isa = PBXBuildFile; fileRef = 2763CF881FDF093000CF271F /* SmackTests.swift */; };
		279120B71FE022DF00B45E5D /* GradientView.swift in Sources */ = {isa = PBXBuildFile; fileRef = 279120B61FE022DF00B45E5D /* GradientView.swift */; };
		279120BA1FE02C7900B45E5D /* Constants.swift in Sources */ = {isa = PBXBuildFile; fileRef = 279120B91FE02C7900B45E5D /* Constants.swift */; };
		279C80EA1FE09DBE001D68AA /* LoginViewController.swift in Sources */ = {isa = PBXBuildFile; fileRef = 279C80E91FE09DBE001D68AA /* LoginViewController.swift */; };
		279C80ED1FE0A6C5001D68AA /* UIViewControllerExtension.swift in Sources */ = {isa = PBXBuildFile; fileRef = 279C80EC1FE0A6C5001D68AA /* UIViewControllerExtension.swift */; };
		279C80EF1FE0AA25001D68AA /* CreateAccountViewController.swift in Sources */ = {isa = PBXBuildFile; fileRef = 279C80EE1FE0AA25001D68AA /* CreateAccountViewController.swift */; };
		51E10237471C328C02DF07E9 /* Pods_Smack.framework in Frameworks */ = {isa = PBXBuildFile; fileRef = CC9294CC85F9570E04AD536A /* Pods_Smack.framework */; };
		78E7BA926F252D31A9EC8490 /* Pods_SmackTests.framework in Frameworks */ = {isa = PBXBuildFile; fileRef = 4828DD11E42018B8236CBD94 /* Pods_SmackTests.framework */; };
/* End PBXBuildFile section */

/* Begin PBXContainerItemProxy section */
		2763CF851FDF093000CF271F /* PBXContainerItemProxy */ = {
			isa = PBXContainerItemProxy;
			containerPortal = 2763CF681FDF093000CF271F /* Project object */;
			proxyType = 1;
			remoteGlobalIDString = 2763CF6F1FDF093000CF271F;
			remoteInfo = Smack;
		};
/* End PBXContainerItemProxy section */

/* Begin PBXFileReference section */
		1356967E7A557F3E18B23B16 /* Pods-Smack.release.xcconfig */ = {isa = PBXFileReference; includeInIndex = 1; lastKnownFileType = text.xcconfig; name = "Pods-Smack.release.xcconfig"; path = "Pods/Target Support Files/Pods-Smack/Pods-Smack.release.xcconfig"; sourceTree = "<group>"; };
		20AF0E04F32F64AE0A3C3646 /* Pods-SmackTests.release.xcconfig */ = {isa = PBXFileReference; includeInIndex = 1; lastKnownFileType = text.xcconfig; name = "Pods-SmackTests.release.xcconfig"; path = "Pods/Target Support Files/Pods-SmackTests/Pods-SmackTests.release.xcconfig"; sourceTree = "<group>"; };
		27165BA61FDF205A00B64177 /* Smack-Bridging-Header.h */ = {isa = PBXFileReference; lastKnownFileType = sourcecode.c.h; path = "Smack-Bridging-Header.h"; sourceTree = "<group>"; };
		27165BA71FDF205B00B64177 /* SWRevealViewController.h */ = {isa = PBXFileReference; fileEncoding = 4; lastKnownFileType = sourcecode.c.h; path = SWRevealViewController.h; sourceTree = "<group>"; };
		27165BA81FDF205B00B64177 /* SWRevealViewController.m */ = {isa = PBXFileReference; fileEncoding = 4; lastKnownFileType = sourcecode.c.objc; path = SWRevealViewController.m; sourceTree = "<group>"; };
		27165BAD1FDF240600B64177 /* ChatViewController.swift */ = {isa = PBXFileReference; lastKnownFileType = sourcecode.swift; path = ChatViewController.swift; sourceTree = "<group>"; };
		27165BAF1FDF241000B64177 /* ChannelViewController.swift */ = {isa = PBXFileReference; lastKnownFileType = sourcecode.swift; path = ChannelViewController.swift; sourceTree = "<group>"; };
		2763CF701FDF093000CF271F /* Smack.app */ = {isa = PBXFileReference; explicitFileType = wrapper.application; includeInIndex = 0; path = Smack.app; sourceTree = BUILT_PRODUCTS_DIR; };
		2763CF731FDF093000CF271F /* AppDelegate.swift */ = {isa = PBXFileReference; lastKnownFileType = sourcecode.swift; path = AppDelegate.swift; sourceTree = "<group>"; };
		2763CF781FDF093000CF271F /* Base */ = {isa = PBXFileReference; lastKnownFileType = file.storyboard; name = Base; path = Base.lproj/Main.storyboard; sourceTree = "<group>"; };
		2763CF7A1FDF093000CF271F /* Assets.xcassets */ = {isa = PBXFileReference; lastKnownFileType = folder.assetcatalog; path = Assets.xcassets; sourceTree = "<group>"; };
		2763CF7D1FDF093000CF271F /* Base */ = {isa = PBXFileReference; lastKnownFileType = file.storyboard; name = Base; path = Base.lproj/LaunchScreen.storyboard; sourceTree = "<group>"; };
		2763CF7F1FDF093000CF271F /* Info.plist */ = {isa = PBXFileReference; lastKnownFileType = text.plist.xml; path = Info.plist; sourceTree = "<group>"; };
		2763CF841FDF093000CF271F /* SmackTests.xctest */ = {isa = PBXFileReference; explicitFileType = wrapper.cfbundle; includeInIndex = 0; path = SmackTests.xctest; sourceTree = BUILT_PRODUCTS_DIR; };
		2763CF881FDF093000CF271F /* SmackTests.swift */ = {isa = PBXFileReference; lastKnownFileType = sourcecode.swift; path = SmackTests.swift; sourceTree = "<group>"; };
		2763CF8A1FDF093000CF271F /* Info.plist */ = {isa = PBXFileReference; lastKnownFileType = text.plist.xml; path = Info.plist; sourceTree = "<group>"; };
		279120B61FE022DF00B45E5D /* GradientView.swift */ = {isa = PBXFileReference; lastKnownFileType = sourcecode.swift; path = GradientView.swift; sourceTree = "<group>"; };
		279120B91FE02C7900B45E5D /* Constants.swift */ = {isa = PBXFileReference; lastKnownFileType = sourcecode.swift; path = Constants.swift; sourceTree = "<group>"; };
		279C80E91FE09DBE001D68AA /* LoginViewController.swift */ = {isa = PBXFileReference; lastKnownFileType = sourcecode.swift; path = LoginViewController.swift; sourceTree = "<group>"; };
		279C80EC1FE0A6C5001D68AA /* UIViewControllerExtension.swift */ = {isa = PBXFileReference; lastKnownFileType = sourcecode.swift; path = UIViewControllerExtension.swift; sourceTree = "<group>"; };
		279C80EE1FE0AA25001D68AA /* CreateAccountViewController.swift */ = {isa = PBXFileReference; lastKnownFileType = sourcecode.swift; path = CreateAccountViewController.swift; sourceTree = "<group>"; };
		4828DD11E42018B8236CBD94 /* Pods_SmackTests.framework */ = {isa = PBXFileReference; explicitFileType = wrapper.framework; includeInIndex = 0; path = Pods_SmackTests.framework; sourceTree = BUILT_PRODUCTS_DIR; };
		602682A8EAFFC025149E415B /* Pods-Smack.debug.xcconfig */ = {isa = PBXFileReference; includeInIndex = 1; lastKnownFileType = text.xcconfig; name = "Pods-Smack.debug.xcconfig"; path = "Pods/Target Support Files/Pods-Smack/Pods-Smack.debug.xcconfig"; sourceTree = "<group>"; };
		7CD7C172A451F27D59FAEB75 /* Pods-SmackTests.debug.xcconfig */ = {isa = PBXFileReference; includeInIndex = 1; lastKnownFileType = text.xcconfig; name = "Pods-SmackTests.debug.xcconfig"; path = "Pods/Target Support Files/Pods-SmackTests/Pods-SmackTests.debug.xcconfig"; sourceTree = "<group>"; };
		CC9294CC85F9570E04AD536A /* Pods_Smack.framework */ = {isa = PBXFileReference; explicitFileType = wrapper.framework; includeInIndex = 0; path = Pods_Smack.framework; sourceTree = BUILT_PRODUCTS_DIR; };
/* End PBXFileReference section */

/* Begin PBXFrameworksBuildPhase section */
		2763CF6D1FDF093000CF271F /* Frameworks */ = {
			isa = PBXFrameworksBuildPhase;
			buildActionMask = 2147483647;
			files = (
				51E10237471C328C02DF07E9 /* Pods_Smack.framework in Frameworks */,
			);
			runOnlyForDeploymentPostprocessing = 0;
		};
		2763CF811FDF093000CF271F /* Frameworks */ = {
			isa = PBXFrameworksBuildPhase;
			buildActionMask = 2147483647;
			files = (
				78E7BA926F252D31A9EC8490 /* Pods_SmackTests.framework in Frameworks */,
			);
			runOnlyForDeploymentPostprocessing = 0;
		};
/* End PBXFrameworksBuildPhase section */

/* Begin PBXGroup section */
		27165BA51FDF203800B64177 /* Supporting Files */ = {
			isa = PBXGroup;
			children = (
				27165BA71FDF205B00B64177 /* SWRevealViewController.h */,
				27165BA81FDF205B00B64177 /* SWRevealViewController.m */,
				27165BA61FDF205A00B64177 /* Smack-Bridging-Header.h */,
			);
			path = "Supporting Files";
			sourceTree = "<group>";
		};
		27165BAA1FDF23D700B64177 /* Models */ = {
			isa = PBXGroup;
			children = (
			);
			path = Models;
			sourceTree = "<group>";
		};
		27165BAB1FDF23DC00B64177 /* Views */ = {
			isa = PBXGroup;
			children = (
				279120B61FE022DF00B45E5D /* GradientView.swift */,
			);
			path = Views;
			sourceTree = "<group>";
		};
		27165BAC1FDF23E100B64177 /* Controllers */ = {
			isa = PBXGroup;
			children = (
				27165BAD1FDF240600B64177 /* ChatViewController.swift */,
				27165BAF1FDF241000B64177 /* ChannelViewController.swift */,
				279C80E91FE09DBE001D68AA /* LoginViewController.swift */,
				279C80EE1FE0AA25001D68AA /* CreateAccountViewController.swift */,
			);
			path = Controllers;
			sourceTree = "<group>";
		};
		2763CF671FDF093000CF271F = {
			isa = PBXGroup;
			children = (
				2763CF721FDF093000CF271F /* Smack */,
				2763CF871FDF093000CF271F /* SmackTests */,
				2763CF711FDF093000CF271F /* Products */,
				B2D2C1DA1662D14905A9A571 /* Pods */,
				BE3903479AC9E5B0A2B853E9 /* Frameworks */,
			);
			sourceTree = "<group>";
		};
		2763CF711FDF093000CF271F /* Products */ = {
			isa = PBXGroup;
			children = (
				2763CF701FDF093000CF271F /* Smack.app */,
				2763CF841FDF093000CF271F /* SmackTests.xctest */,
			);
			name = Products;
			sourceTree = "<group>";
		};
		2763CF721FDF093000CF271F /* Smack */ = {
			isa = PBXGroup;
			children = (
				279C80EB1FE0A67F001D68AA /* Extensions */,
				279120B81FE02C6400B45E5D /* Utilities */,
				27165BAC1FDF23E100B64177 /* Controllers */,
				27165BAB1FDF23DC00B64177 /* Views */,
				27165BAA1FDF23D700B64177 /* Models */,
				27165BA51FDF203800B64177 /* Supporting Files */,
				2763CF731FDF093000CF271F /* AppDelegate.swift */,
				2763CF771FDF093000CF271F /* Main.storyboard */,
				2763CF7A1FDF093000CF271F /* Assets.xcassets */,
				2763CF7C1FDF093000CF271F /* LaunchScreen.storyboard */,
				2763CF7F1FDF093000CF271F /* Info.plist */,
			);
			path = Smack;
			sourceTree = "<group>";
		};
		2763CF871FDF093000CF271F /* SmackTests */ = {
			isa = PBXGroup;
			children = (
				2763CF881FDF093000CF271F /* SmackTests.swift */,
				2763CF8A1FDF093000CF271F /* Info.plist */,
			);
			path = SmackTests;
			sourceTree = "<group>";
		};
		279120B81FE02C6400B45E5D /* Utilities */ = {
			isa = PBXGroup;
			children = (
				279120B91FE02C7900B45E5D /* Constants.swift */,
			);
			path = Utilities;
			sourceTree = "<group>";
		};
		279C80EB1FE0A67F001D68AA /* Extensions */ = {
			isa = PBXGroup;
			children = (
				279C80EC1FE0A6C5001D68AA /* UIViewControllerExtension.swift */,
			);
			path = Extensions;
			sourceTree = "<group>";
		};
		B2D2C1DA1662D14905A9A571 /* Pods */ = {
			isa = PBXGroup;
			children = (
				602682A8EAFFC025149E415B /* Pods-Smack.debug.xcconfig */,
				1356967E7A557F3E18B23B16 /* Pods-Smack.release.xcconfig */,
				7CD7C172A451F27D59FAEB75 /* Pods-SmackTests.debug.xcconfig */,
				20AF0E04F32F64AE0A3C3646 /* Pods-SmackTests.release.xcconfig */,
			);
			name = Pods;
			sourceTree = "<group>";
		};
		BE3903479AC9E5B0A2B853E9 /* Frameworks */ = {
			isa = PBXGroup;
			children = (
				CC9294CC85F9570E04AD536A /* Pods_Smack.framework */,
				4828DD11E42018B8236CBD94 /* Pods_SmackTests.framework */,
			);
			name = Frameworks;
			sourceTree = "<group>";
		};
/* End PBXGroup section */

/* Begin PBXNativeTarget section */
		2763CF6F1FDF093000CF271F /* Smack */ = {
			isa = PBXNativeTarget;
			buildConfigurationList = 2763CF8D1FDF093000CF271F /* Build configuration list for PBXNativeTarget "Smack" */;
			buildPhases = (
				827A1D3CFB18CF702EFDB49B /* [CP] Check Pods Manifest.lock */,
				2763CF6C1FDF093000CF271F /* Sources */,
				2763CF6D1FDF093000CF271F /* Frameworks */,
				2763CF6E1FDF093000CF271F /* Resources */,
				6605984A0B74EC8833002975 /* [CP] Embed Pods Frameworks */,
				8E39A07277B4C50304AE3C4D /* [CP] Copy Pods Resources */,
			);
			buildRules = (
			);
			dependencies = (
			);
			name = Smack;
			productName = Smack;
			productReference = 2763CF701FDF093000CF271F /* Smack.app */;
			productType = "com.apple.product-type.application";
		};
		2763CF831FDF093000CF271F /* SmackTests */ = {
			isa = PBXNativeTarget;
			buildConfigurationList = 2763CF901FDF093000CF271F /* Build configuration list for PBXNativeTarget "SmackTests" */;
			buildPhases = (
				5AD301452DBAFA49697E7FE5 /* [CP] Check Pods Manifest.lock */,
				2763CF801FDF093000CF271F /* Sources */,
				2763CF811FDF093000CF271F /* Frameworks */,
				2763CF821FDF093000CF271F /* Resources */,
				76B73D32584682323867DFF1 /* [CP] Embed Pods Frameworks */,
				245322647EF3F79A96A79D99 /* [CP] Copy Pods Resources */,
			);
			buildRules = (
			);
			dependencies = (
				2763CF861FDF093000CF271F /* PBXTargetDependency */,
			);
			name = SmackTests;
			productName = SmackTests;
			productReference = 2763CF841FDF093000CF271F /* SmackTests.xctest */;
			productType = "com.apple.product-type.bundle.unit-test";
		};
/* End PBXNativeTarget section */

/* Begin PBXProject section */
		2763CF681FDF093000CF271F /* Project object */ = {
			isa = PBXProject;
			attributes = {
				LastSwiftUpdateCheck = 0920;
				LastUpgradeCheck = 0920;
				ORGANIZATIONNAME = "Tiago Santos";
				TargetAttributes = {
					2763CF6F1FDF093000CF271F = {
						CreatedOnToolsVersion = 9.2;
						LastSwiftMigration = 0920;
						ProvisioningStyle = Automatic;
					};
					2763CF831FDF093000CF271F = {
						CreatedOnToolsVersion = 9.2;
						ProvisioningStyle = Automatic;
						TestTargetID = 2763CF6F1FDF093000CF271F;
					};
				};
			};
			buildConfigurationList = 2763CF6B1FDF093000CF271F /* Build configuration list for PBXProject "Smack" */;
			compatibilityVersion = "Xcode 8.0";
			developmentRegion = en;
			hasScannedForEncodings = 0;
			knownRegions = (
				en,
				Base,
			);
			mainGroup = 2763CF671FDF093000CF271F;
			productRefGroup = 2763CF711FDF093000CF271F /* Products */;
			projectDirPath = "";
			projectRoot = "";
			targets = (
				2763CF6F1FDF093000CF271F /* Smack */,
				2763CF831FDF093000CF271F /* SmackTests */,
			);
		};
/* End PBXProject section */

/* Begin PBXResourcesBuildPhase section */
		2763CF6E1FDF093000CF271F /* Resources */ = {
			isa = PBXResourcesBuildPhase;
			buildActionMask = 2147483647;
			files = (
				2763CF7E1FDF093000CF271F /* LaunchScreen.storyboard in Resources */,
				2763CF7B1FDF093000CF271F /* Assets.xcassets in Resources */,
				2763CF791FDF093000CF271F /* Main.storyboard in Resources */,
			);
			runOnlyForDeploymentPostprocessing = 0;
		};
		2763CF821FDF093000CF271F /* Resources */ = {
			isa = PBXResourcesBuildPhase;
			buildActionMask = 2147483647;
			files = (
			);
			runOnlyForDeploymentPostprocessing = 0;
		};
/* End PBXResourcesBuildPhase section */

/* Begin PBXShellScriptBuildPhase section */
		245322647EF3F79A96A79D99 /* [CP] Copy Pods Resources */ = {
			isa = PBXShellScriptBuildPhase;
			buildActionMask = 2147483647;
			files = (
			);
			inputPaths = (
			);
			name = "[CP] Copy Pods Resources";
			outputPaths = (
			);
			runOnlyForDeploymentPostprocessing = 0;
			shellPath = /bin/sh;
			shellScript = "\"${SRCROOT}/Pods/Target Support Files/Pods-SmackTests/Pods-SmackTests-resources.sh\"\n";
			showEnvVarsInLog = 0;
		};
		5AD301452DBAFA49697E7FE5 /* [CP] Check Pods Manifest.lock */ = {
			isa = PBXShellScriptBuildPhase;
			buildActionMask = 2147483647;
			files = (
			);
			inputPaths = (
			);
			name = "[CP] Check Pods Manifest.lock";
			outputPaths = (
			);
			runOnlyForDeploymentPostprocessing = 0;
			shellPath = /bin/sh;
			shellScript = "diff \"${PODS_ROOT}/../Podfile.lock\" \"${PODS_ROOT}/Manifest.lock\" > /dev/null\nif [ $? != 0 ] ; then\n    # print error to STDERR\n    echo \"error: The sandbox is not in sync with the Podfile.lock. Run 'pod install' or update your CocoaPods installation.\" >&2\n    exit 1\nfi\n";
			showEnvVarsInLog = 0;
		};
		6605984A0B74EC8833002975 /* [CP] Embed Pods Frameworks */ = {
			isa = PBXShellScriptBuildPhase;
			buildActionMask = 2147483647;
			files = (
			);
			inputPaths = (
			);
			name = "[CP] Embed Pods Frameworks";
			outputPaths = (
			);
			runOnlyForDeploymentPostprocessing = 0;
			shellPath = /bin/sh;
			shellScript = "\"${SRCROOT}/Pods/Target Support Files/Pods-Smack/Pods-Smack-frameworks.sh\"\n";
			showEnvVarsInLog = 0;
		};
		76B73D32584682323867DFF1 /* [CP] Embed Pods Frameworks */ = {
			isa = PBXShellScriptBuildPhase;
			buildActionMask = 2147483647;
			files = (
			);
			inputPaths = (
			);
			name = "[CP] Embed Pods Frameworks";
			outputPaths = (
			);
			runOnlyForDeploymentPostprocessing = 0;
			shellPath = /bin/sh;
			shellScript = "\"${SRCROOT}/Pods/Target Support Files/Pods-SmackTests/Pods-SmackTests-frameworks.sh\"\n";
			showEnvVarsInLog = 0;
		};
		827A1D3CFB18CF702EFDB49B /* [CP] Check Pods Manifest.lock */ = {
			isa = PBXShellScriptBuildPhase;
			buildActionMask = 2147483647;
			files = (
			);
			inputPaths = (
			);
			name = "[CP] Check Pods Manifest.lock";
			outputPaths = (
			);
			runOnlyForDeploymentPostprocessing = 0;
			shellPath = /bin/sh;
			shellScript = "diff \"${PODS_ROOT}/../Podfile.lock\" \"${PODS_ROOT}/Manifest.lock\" > /dev/null\nif [ $? != 0 ] ; then\n    # print error to STDERR\n    echo \"error: The sandbox is not in sync with the Podfile.lock. Run 'pod install' or update your CocoaPods installation.\" >&2\n    exit 1\nfi\n";
			showEnvVarsInLog = 0;
		};
		8E39A07277B4C50304AE3C4D /* [CP] Copy Pods Resources */ = {
			isa = PBXShellScriptBuildPhase;
			buildActionMask = 2147483647;
			files = (
			);
			inputPaths = (
			);
			name = "[CP] Copy Pods Resources";
			outputPaths = (
			);
			runOnlyForDeploymentPostprocessing = 0;
			shellPath = /bin/sh;
			shellScript = "\"${SRCROOT}/Pods/Target Support Files/Pods-Smack/Pods-Smack-resources.sh\"\n";
			showEnvVarsInLog = 0;
		};
/* End PBXShellScriptBuildPhase section */

/* Begin PBXSourcesBuildPhase section */
		2763CF6C1FDF093000CF271F /* Sources */ = {
			isa = PBXSourcesBuildPhase;
			buildActionMask = 2147483647;
			files = (
				279C80EA1FE09DBE001D68AA /* LoginViewController.swift in Sources */,
				2763CF741FDF093000CF271F /* AppDelegate.swift in Sources */,
				27165BAE1FDF240600B64177 /* ChatViewController.swift in Sources */,
				279120B71FE022DF00B45E5D /* GradientView.swift in Sources */,
				279C80ED1FE0A6C5001D68AA /* UIViewControllerExtension.swift in Sources */,
				27165BB01FDF241000B64177 /* ChannelViewController.swift in Sources */,
				279C80EF1FE0AA25001D68AA /* CreateAccountViewController.swift in Sources */,
				27165BA91FDF205B00B64177 /* SWRevealViewController.m in Sources */,
				279120BA1FE02C7900B45E5D /* Constants.swift in Sources */,
			);
			runOnlyForDeploymentPostprocessing = 0;
		};
		2763CF801FDF093000CF271F /* Sources */ = {
			isa = PBXSourcesBuildPhase;
			buildActionMask = 2147483647;
			files = (
				2763CF891FDF093000CF271F /* SmackTests.swift in Sources */,
			);
			runOnlyForDeploymentPostprocessing = 0;
		};
/* End PBXSourcesBuildPhase section */

/* Begin PBXTargetDependency section */
		2763CF861FDF093000CF271F /* PBXTargetDependency */ = {
			isa = PBXTargetDependency;
			target = 2763CF6F1FDF093000CF271F /* Smack */;
			targetProxy = 2763CF851FDF093000CF271F /* PBXContainerItemProxy */;
		};
/* End PBXTargetDependency section */

/* Begin PBXVariantGroup section */
		2763CF771FDF093000CF271F /* Main.storyboard */ = {
			isa = PBXVariantGroup;
			children = (
				2763CF781FDF093000CF271F /* Base */,
			);
			name = Main.storyboard;
			sourceTree = "<group>";
		};
		2763CF7C1FDF093000CF271F /* LaunchScreen.storyboard */ = {
			isa = PBXVariantGroup;
			children = (
				2763CF7D1FDF093000CF271F /* Base */,
			);
			name = LaunchScreen.storyboard;
			sourceTree = "<group>";
		};
/* End PBXVariantGroup section */

/* Begin XCBuildConfiguration section */
		2763CF8B1FDF093000CF271F /* Debug */ = {
			isa = XCBuildConfiguration;
			buildSettings = {
				ALWAYS_SEARCH_USER_PATHS = NO;
				CLANG_ANALYZER_NONNULL = YES;
				CLANG_ANALYZER_NUMBER_OBJECT_CONVERSION = YES_AGGRESSIVE;
				CLANG_CXX_LANGUAGE_STANDARD = "gnu++14";
				CLANG_CXX_LIBRARY = "libc++";
				CLANG_ENABLE_MODULES = YES;
				CLANG_ENABLE_OBJC_ARC = YES;
				CLANG_WARN_BLOCK_CAPTURE_AUTORELEASING = YES;
				CLANG_WARN_BOOL_CONVERSION = YES;
				CLANG_WARN_COMMA = YES;
				CLANG_WARN_CONSTANT_CONVERSION = YES;
				CLANG_WARN_DIRECT_OBJC_ISA_USAGE = YES_ERROR;
				CLANG_WARN_DOCUMENTATION_COMMENTS = YES;
				CLANG_WARN_EMPTY_BODY = YES;
				CLANG_WARN_ENUM_CONVERSION = YES;
				CLANG_WARN_INFINITE_RECURSION = YES;
				CLANG_WARN_INT_CONVERSION = YES;
				CLANG_WARN_NON_LITERAL_NULL_CONVERSION = YES;
				CLANG_WARN_OBJC_LITERAL_CONVERSION = YES;
				CLANG_WARN_OBJC_ROOT_CLASS = YES_ERROR;
				CLANG_WARN_RANGE_LOOP_ANALYSIS = YES;
				CLANG_WARN_STRICT_PROTOTYPES = YES;
				CLANG_WARN_SUSPICIOUS_MOVE = YES;
				CLANG_WARN_UNGUARDED_AVAILABILITY = YES_AGGRESSIVE;
				CLANG_WARN_UNREACHABLE_CODE = YES;
				CLANG_WARN__DUPLICATE_METHOD_MATCH = YES;
				CODE_SIGN_IDENTITY = "iPhone Developer";
				COPY_PHASE_STRIP = NO;
				DEBUG_INFORMATION_FORMAT = dwarf;
				ENABLE_STRICT_OBJC_MSGSEND = YES;
				ENABLE_TESTABILITY = YES;
				GCC_C_LANGUAGE_STANDARD = gnu11;
				GCC_DYNAMIC_NO_PIC = NO;
				GCC_NO_COMMON_BLOCKS = YES;
				GCC_OPTIMIZATION_LEVEL = 0;
				GCC_PREPROCESSOR_DEFINITIONS = (
					"DEBUG=1",
					"$(inherited)",
				);
				GCC_WARN_64_TO_32_BIT_CONVERSION = YES;
				GCC_WARN_ABOUT_RETURN_TYPE = YES_ERROR;
				GCC_WARN_UNDECLARED_SELECTOR = YES;
				GCC_WARN_UNINITIALIZED_AUTOS = YES_AGGRESSIVE;
				GCC_WARN_UNUSED_FUNCTION = YES;
				GCC_WARN_UNUSED_VARIABLE = YES;
				IPHONEOS_DEPLOYMENT_TARGET = 11.2;
				MTL_ENABLE_DEBUG_INFO = YES;
				ONLY_ACTIVE_ARCH = YES;
				SDKROOT = iphoneos;
				SWIFT_ACTIVE_COMPILATION_CONDITIONS = DEBUG;
				SWIFT_OPTIMIZATION_LEVEL = "-Onone";
			};
			name = Debug;
		};
		2763CF8C1FDF093000CF271F /* Release */ = {
			isa = XCBuildConfiguration;
			buildSettings = {
				ALWAYS_SEARCH_USER_PATHS = NO;
				CLANG_ANALYZER_NONNULL = YES;
				CLANG_ANALYZER_NUMBER_OBJECT_CONVERSION = YES_AGGRESSIVE;
				CLANG_CXX_LANGUAGE_STANDARD = "gnu++14";
				CLANG_CXX_LIBRARY = "libc++";
				CLANG_ENABLE_MODULES = YES;
				CLANG_ENABLE_OBJC_ARC = YES;
				CLANG_WARN_BLOCK_CAPTURE_AUTORELEASING = YES;
				CLANG_WARN_BOOL_CONVERSION = YES;
				CLANG_WARN_COMMA = YES;
				CLANG_WARN_CONSTANT_CONVERSION = YES;
				CLANG_WARN_DIRECT_OBJC_ISA_USAGE = YES_ERROR;
				CLANG_WARN_DOCUMENTATION_COMMENTS = YES;
				CLANG_WARN_EMPTY_BODY = YES;
				CLANG_WARN_ENUM_CONVERSION = YES;
				CLANG_WARN_INFINITE_RECURSION = YES;
				CLANG_WARN_INT_CONVERSION = YES;
				CLANG_WARN_NON_LITERAL_NULL_CONVERSION = YES;
				CLANG_WARN_OBJC_LITERAL_CONVERSION = YES;
				CLANG_WARN_OBJC_ROOT_CLASS = YES_ERROR;
				CLANG_WARN_RANGE_LOOP_ANALYSIS = YES;
				CLANG_WARN_STRICT_PROTOTYPES = YES;
				CLANG_WARN_SUSPICIOUS_MOVE = YES;
				CLANG_WARN_UNGUARDED_AVAILABILITY = YES_AGGRESSIVE;
				CLANG_WARN_UNREACHABLE_CODE = YES;
				CLANG_WARN__DUPLICATE_METHOD_MATCH = YES;
				CODE_SIGN_IDENTITY = "iPhone Developer";
				COPY_PHASE_STRIP = NO;
				DEBUG_INFORMATION_FORMAT = "dwarf-with-dsym";
				ENABLE_NS_ASSERTIONS = NO;
				ENABLE_STRICT_OBJC_MSGSEND = YES;
				GCC_C_LANGUAGE_STANDARD = gnu11;
				GCC_NO_COMMON_BLOCKS = YES;
				GCC_WARN_64_TO_32_BIT_CONVERSION = YES;
				GCC_WARN_ABOUT_RETURN_TYPE = YES_ERROR;
				GCC_WARN_UNDECLARED_SELECTOR = YES;
				GCC_WARN_UNINITIALIZED_AUTOS = YES_AGGRESSIVE;
				GCC_WARN_UNUSED_FUNCTION = YES;
				GCC_WARN_UNUSED_VARIABLE = YES;
				IPHONEOS_DEPLOYMENT_TARGET = 11.2;
				MTL_ENABLE_DEBUG_INFO = NO;
				SDKROOT = iphoneos;
				SWIFT_OPTIMIZATION_LEVEL = "-Owholemodule";
				VALIDATE_PRODUCT = YES;
			};
			name = Release;
		};
		2763CF8E1FDF093000CF271F /* Debug */ = {
			isa = XCBuildConfiguration;
			baseConfigurationReference = 602682A8EAFFC025149E415B /* Pods-Smack.debug.xcconfig */;
			buildSettings = {
				ASSETCATALOG_COMPILER_APPICON_NAME = AppIcon;
				CLANG_ENABLE_MODULES = YES;
				CODE_SIGN_STYLE = Automatic;
				DEVELOPMENT_TEAM = 64E8842TP6;
				INFOPLIST_FILE = Smack/Info.plist;
				LD_RUNPATH_SEARCH_PATHS = "$(inherited) @executable_path/Frameworks";
				PRODUCT_BUNDLE_IDENTIFIER = "Tiago-Santos.Smack";
				PRODUCT_NAME = "$(TARGET_NAME)";
				SWIFT_OBJC_BRIDGING_HEADER = "Smack/Supporting Files/Smack-Bridging-Header.h";
				SWIFT_OPTIMIZATION_LEVEL = "-Onone";
				SWIFT_VERSION = 4.0;
				TARGETED_DEVICE_FAMILY = "1,2";
			};
			name = Debug;
		};
		2763CF8F1FDF093000CF271F /* Release */ = {
			isa = XCBuildConfiguration;
			baseConfigurationReference = 1356967E7A557F3E18B23B16 /* Pods-Smack.release.xcconfig */;
			buildSettings = {
				ASSETCATALOG_COMPILER_APPICON_NAME = AppIcon;
				CLANG_ENABLE_MODULES = YES;
				CODE_SIGN_STYLE = Automatic;
				DEVELOPMENT_TEAM = 64E8842TP6;
				INFOPLIST_FILE = Smack/Info.plist;
				LD_RUNPATH_SEARCH_PATHS = "$(inherited) @executable_path/Frameworks";
				PRODUCT_BUNDLE_IDENTIFIER = "Tiago-Santos.Smack";
				PRODUCT_NAME = "$(TARGET_NAME)";
				SWIFT_OBJC_BRIDGING_HEADER = "Smack/Supporting Files/Smack-Bridging-Header.h";
				SWIFT_VERSION = 4.0;
				TARGETED_DEVICE_FAMILY = "1,2";
			};
			name = Release;
		};
		2763CF911FDF093000CF271F /* Debug */ = {
			isa = XCBuildConfiguration;
			baseConfigurationReference = 7CD7C172A451F27D59FAEB75 /* Pods-SmackTests.debug.xcconfig */;
			buildSettings = {
				ALWAYS_EMBED_SWIFT_STANDARD_LIBRARIES = YES;
				BUNDLE_LOADER = "$(TEST_HOST)";
				CODE_SIGN_STYLE = Automatic;
				DEVELOPMENT_TEAM = 64E8842TP6;
				INFOPLIST_FILE = SmackTests/Info.plist;
				LD_RUNPATH_SEARCH_PATHS = "$(inherited) @executable_path/Frameworks @loader_path/Frameworks";
				PRODUCT_BUNDLE_IDENTIFIER = "Tiago-Santos.SmackTests";
				PRODUCT_NAME = "$(TARGET_NAME)";
				SWIFT_VERSION = 4.0;
				TARGETED_DEVICE_FAMILY = "1,2";
				TEST_HOST = "$(BUILT_PRODUCTS_DIR)/Smack.app/Smack";
			};
			name = Debug;
		};
		2763CF921FDF093000CF271F /* Release */ = {
			isa = XCBuildConfiguration;
			baseConfigurationReference = 20AF0E04F32F64AE0A3C3646 /* Pods-SmackTests.release.xcconfig */;
			buildSettings = {
				ALWAYS_EMBED_SWIFT_STANDARD_LIBRARIES = YES;
				BUNDLE_LOADER = "$(TEST_HOST)";
				CODE_SIGN_STYLE = Automatic;
				DEVELOPMENT_TEAM = 64E8842TP6;
				INFOPLIST_FILE = SmackTests/Info.plist;
				LD_RUNPATH_SEARCH_PATHS = "$(inherited) @executable_path/Frameworks @loader_path/Frameworks";
				PRODUCT_BUNDLE_IDENTIFIER = "Tiago-Santos.SmackTests";
				PRODUCT_NAME = "$(TARGET_NAME)";
				SWIFT_VERSION = 4.0;
				TARGETED_DEVICE_FAMILY = "1,2";
				TEST_HOST = "$(BUILT_PRODUCTS_DIR)/Smack.app/Smack";
			};
			name = Release;
		};
/* End XCBuildConfiguration section */

/* Begin XCConfigurationList section */
		2763CF6B1FDF093000CF271F /* Build configuration list for PBXProject "Smack" */ = {
			isa = XCConfigurationList;
			buildConfigurations = (
				2763CF8B1FDF093000CF271F /* Debug */,
				2763CF8C1FDF093000CF271F /* Release */,
			);
			defaultConfigurationIsVisible = 0;
			defaultConfigurationName = Release;
		};
		2763CF8D1FDF093000CF271F /* Build configuration list for PBXNativeTarget "Smack" */ = {
			isa = XCConfigurationList;
			buildConfigurations = (
				2763CF8E1FDF093000CF271F /* Debug */,
				2763CF8F1FDF093000CF271F /* Release */,
			);
			defaultConfigurationIsVisible = 0;
			defaultConfigurationName = Release;
		};
		2763CF901FDF093000CF271F /* Build configuration list for PBXNativeTarget "SmackTests" */ = {
			isa = XCConfigurationList;
			buildConfigurations = (
				2763CF911FDF093000CF271F /* Debug */,
				2763CF921FDF093000CF271F /* Release */,
			);
			defaultConfigurationIsVisible = 0;
			defaultConfigurationName = Release;
		};
/* End XCConfigurationList section */
	};
	rootObject = 2763CF681FDF093000CF271F /* Project object */;
}
